// !$*UTF8*$!
{
	archiveVersion = 1;
	classes = {
	};
	objectVersion = 55;
	objects = {

/* Begin PBXBuildFile section */
		8FD6D4902898F12300773221 /* AppDelegate.swift in Sources */ = {isa = PBXBuildFile; fileRef = 8FD6D48F2898F12300773221 /* AppDelegate.swift */; };
		8FD6D4922898F12300773221 /* SceneDelegate.swift in Sources */ = {isa = PBXBuildFile; fileRef = 8FD6D4912898F12300773221 /* SceneDelegate.swift */; };
		8FD6D4942898F12300773221 /* ViewController.swift in Sources */ = {isa = PBXBuildFile; fileRef = 8FD6D4932898F12300773221 /* ViewController.swift */; };
		8FD6D4972898F12300773221 /* Main.storyboard in Resources */ = {isa = PBXBuildFile; fileRef = 8FD6D4952898F12300773221 /* Main.storyboard */; };
		8FD6D4992898F12400773221 /* Assets.xcassets in Resources */ = {isa = PBXBuildFile; fileRef = 8FD6D4982898F12400773221 /* Assets.xcassets */; };
		8FD6D49C2898F12400773221 /* LaunchScreen.storyboard in Resources */ = {isa = PBXBuildFile; fileRef = 8FD6D49A2898F12400773221 /* LaunchScreen.storyboard */; };
		8FD6D4A72898F12400773221 /* Puneet_Gakhal___OWH_x_Swift_AppleTests.swift in Sources */ = {isa = PBXBuildFile; fileRef = 8FD6D4A62898F12400773221 /* Puneet_Gakhal___OWH_x_Swift_AppleTests.swift */; };
		8FD6D4B12898F12400773221 /* Puneet_Gakhal___OWH_x_Swift_AppleUITests.swift in Sources */ = {isa = PBXBuildFile; fileRef = 8FD6D4B02898F12400773221 /* Puneet_Gakhal___OWH_x_Swift_AppleUITests.swift */; };
		8FD6D4B32898F12400773221 /* Puneet_Gakhal___OWH_x_Swift_AppleUITestsLaunchTests.swift in Sources */ = {isa = PBXBuildFile; fileRef = 8FD6D4B22898F12400773221 /* Puneet_Gakhal___OWH_x_Swift_AppleUITestsLaunchTests.swift */; };
/* End PBXBuildFile section */

/* Begin PBXContainerItemProxy section */
		8FD6D4A32898F12400773221 /* PBXContainerItemProxy */ = {
			isa = PBXContainerItemProxy;
			containerPortal = 8FD6D4842898F12300773221 /* Project object */;
			proxyType = 1;
			remoteGlobalIDString = 8FD6D48B2898F12300773221;
			remoteInfo = "Puneet Gakhal - OWH x Swift Apple";
		};
		8FD6D4AD2898F12400773221 /* PBXContainerItemProxy */ = {
			isa = PBXContainerItemProxy;
			containerPortal = 8FD6D4842898F12300773221 /* Project object */;
			proxyType = 1;
			remoteGlobalIDString = 8FD6D48B2898F12300773221;
			remoteInfo = "Puneet Gakhal - OWH x Swift Apple";
		};
/* End PBXContainerItemProxy section */

/* Begin PBXFileReference section */
		8FD6D48C2898F12300773221 /* Puneet Gakhal - OWH x Swift Apple.app */ = {isa = PBXFileReference; explicitFileType = wrapper.application; includeInIndex = 0; path = "Puneet Gakhal - OWH x Swift Apple.app"; sourceTree = BUILT_PRODUCTS_DIR; };
		8FD6D48F2898F12300773221 /* AppDelegate.swift */ = {isa = PBXFileReference; lastKnownFileType = sourcecode.swift; path = AppDelegate.swift; sourceTree = "<group>"; };
		8FD6D4912898F12300773221 /* SceneDelegate.swift */ = {isa = PBXFileReference; lastKnownFileType = sourcecode.swift; path = SceneDelegate.swift; sourceTree = "<group>"; };
		8FD6D4932898F12300773221 /* ViewController.swift */ = {isa = PBXFileReference; lastKnownFileType = sourcecode.swift; path = ViewController.swift; sourceTree = "<group>"; };
		8FD6D4962898F12300773221 /* Base */ = {isa = PBXFileReference; lastKnownFileType = file.storyboard; name = Base; path = Base.lproj/Main.storyboard; sourceTree = "<group>"; };
		8FD6D4982898F12400773221 /* Assets.xcassets */ = {isa = PBXFileReference; lastKnownFileType = folder.assetcatalog; path = Assets.xcassets; sourceTree = "<group>"; };
		8FD6D49B2898F12400773221 /* Base */ = {isa = PBXFileReference; lastKnownFileType = file.storyboard; name = Base; path = Base.lproj/LaunchScreen.storyboard; sourceTree = "<group>"; };
		8FD6D49D2898F12400773221 /* Info.plist */ = {isa = PBXFileReference; lastKnownFileType = text.plist.xml; path = Info.plist; sourceTree = "<group>"; };
		8FD6D4A22898F12400773221 /* Puneet Gakhal - OWH x Swift AppleTests.xctest */ = {isa = PBXFileReference; explicitFileType = wrapper.cfbundle; includeInIndex = 0; path = "Puneet Gakhal - OWH x Swift AppleTests.xctest"; sourceTree = BUILT_PRODUCTS_DIR; };
		8FD6D4A62898F12400773221 /* Puneet_Gakhal___OWH_x_Swift_AppleTests.swift */ = {isa = PBXFileReference; lastKnownFileType = sourcecode.swift; path = "Puneet_Gakhal___OWH_x_Swift_AppleTests.swift"; sourceTree = "<group>"; };
		8FD6D4AC2898F12400773221 /* Puneet Gakhal - OWH x Swift AppleUITests.xctest */ = {isa = PBXFileReference; explicitFileType = wrapper.cfbundle; includeInIndex = 0; path = "Puneet Gakhal - OWH x Swift AppleUITests.xctest"; sourceTree = BUILT_PRODUCTS_DIR; };
		8FD6D4B02898F12400773221 /* Puneet_Gakhal___OWH_x_Swift_AppleUITests.swift */ = {isa = PBXFileReference; lastKnownFileType = sourcecode.swift; path = "Puneet_Gakhal___OWH_x_Swift_AppleUITests.swift"; sourceTree = "<group>"; };
		8FD6D4B22898F12400773221 /* Puneet_Gakhal___OWH_x_Swift_AppleUITestsLaunchTests.swift */ = {isa = PBXFileReference; lastKnownFileType = sourcecode.swift; path = "Puneet_Gakhal___OWH_x_Swift_AppleUITestsLaunchTests.swift"; sourceTree = "<group>"; };
/* End PBXFileReference section */

/* Begin PBXFrameworksBuildPhase section */
		8FD6D4892898F12300773221 /* Frameworks */ = {
			isa = PBXFrameworksBuildPhase;
			buildActionMask = 2147483647;
			files = (
			);
			runOnlyForDeploymentPostprocessing = 0;
		};
		8FD6D49F2898F12400773221 /* Frameworks */ = {
			isa = PBXFrameworksBuildPhase;
			buildActionMask = 2147483647;
			files = (
			);
			runOnlyForDeploymentPostprocessing = 0;
		};
		8FD6D4A92898F12400773221 /* Frameworks */ = {
			isa = PBXFrameworksBuildPhase;
			buildActionMask = 2147483647;
			files = (
			);
			runOnlyForDeploymentPostprocessing = 0;
		};
/* End PBXFrameworksBuildPhase section */

/* Begin PBXGroup section */
		8FD6D4832898F12300773221 = {
			isa = PBXGroup;
			children = (
				8FD6D48E2898F12300773221 /* Puneet Gakhal - OWH x Swift Apple */,
				8FD6D4A52898F12400773221 /* Puneet Gakhal - OWH x Swift AppleTests */,
				8FD6D4AF2898F12400773221 /* Puneet Gakhal - OWH x Swift AppleUITests */,
				8FD6D48D2898F12300773221 /* Products */,
			);
			sourceTree = "<group>";
		};
		8FD6D48D2898F12300773221 /* Products */ = {
			isa = PBXGroup;
			children = (
				8FD6D48C2898F12300773221 /* Puneet Gakhal - OWH x Swift Apple.app */,
				8FD6D4A22898F12400773221 /* Puneet Gakhal - OWH x Swift AppleTests.xctest */,
				8FD6D4AC2898F12400773221 /* Puneet Gakhal - OWH x Swift AppleUITests.xctest */,
			);
			name = Products;
			sourceTree = "<group>";
		};
		8FD6D48E2898F12300773221 /* Puneet Gakhal - OWH x Swift Apple */ = {
			isa = PBXGroup;
			children = (
				8FD6D48F2898F12300773221 /* AppDelegate.swift */,
				8FD6D4912898F12300773221 /* SceneDelegate.swift */,
				8FD6D4932898F12300773221 /* ViewController.swift */,
				8FD6D4952898F12300773221 /* Main.storyboard */,
				8FD6D4982898F12400773221 /* Assets.xcassets */,
				8FD6D49A2898F12400773221 /* LaunchScreen.storyboard */,
				8FD6D49D2898F12400773221 /* Info.plist */,
			);
			path = "Puneet Gakhal - OWH x Swift Apple";
			sourceTree = "<group>";
		};
		8FD6D4A52898F12400773221 /* Puneet Gakhal - OWH x Swift AppleTests */ = {
			isa = PBXGroup;
			children = (
				8FD6D4A62898F12400773221 /* Puneet_Gakhal___OWH_x_Swift_AppleTests.swift */,
			);
			path = "Puneet Gakhal - OWH x Swift AppleTests";
			sourceTree = "<group>";
		};
		8FD6D4AF2898F12400773221 /* Puneet Gakhal - OWH x Swift AppleUITests */ = {
			isa = PBXGroup;
			children = (
				8FD6D4B02898F12400773221 /* Puneet_Gakhal___OWH_x_Swift_AppleUITests.swift */,
				8FD6D4B22898F12400773221 /* Puneet_Gakhal___OWH_x_Swift_AppleUITestsLaunchTests.swift */,
			);
			path = "Puneet Gakhal - OWH x Swift AppleUITests";
			sourceTree = "<group>";
		};
/* End PBXGroup section */

/* Begin PBXNativeTarget section */
		8FD6D48B2898F12300773221 /* Puneet Gakhal - OWH x Swift Apple */ = {
			isa = PBXNativeTarget;
			buildConfigurationList = 8FD6D4B62898F12400773221 /* Build configuration list for PBXNativeTarget "Puneet Gakhal - OWH x Swift Apple" */;
			buildPhases = (
				8FD6D4882898F12300773221 /* Sources */,
				8FD6D4892898F12300773221 /* Frameworks */,
				8FD6D48A2898F12300773221 /* Resources */,
			);
			buildRules = (
			);
			dependencies = (
			);
			name = "Puneet Gakhal - OWH x Swift Apple";
			productName = "Puneet Gakhal - OWH x Swift Apple";
			productReference = 8FD6D48C2898F12300773221 /* Puneet Gakhal - OWH x Swift Apple.app */;
			productType = "com.apple.product-type.application";
		};
		8FD6D4A12898F12400773221 /* Puneet Gakhal - OWH x Swift AppleTests */ = {
			isa = PBXNativeTarget;
			buildConfigurationList = 8FD6D4B92898F12400773221 /* Build configuration list for PBXNativeTarget "Puneet Gakhal - OWH x Swift AppleTests" */;
			buildPhases = (
				8FD6D49E2898F12400773221 /* Sources */,
				8FD6D49F2898F12400773221 /* Frameworks */,
				8FD6D4A02898F12400773221 /* Resources */,
			);
			buildRules = (
			);
			dependencies = (
				8FD6D4A42898F12400773221 /* PBXTargetDependency */,
			);
			name = "Puneet Gakhal - OWH x Swift AppleTests";
			productName = "Puneet Gakhal - OWH x Swift AppleTests";
			productReference = 8FD6D4A22898F12400773221 /* Puneet Gakhal - OWH x Swift AppleTests.xctest */;
			productType = "com.apple.product-type.bundle.unit-test";
		};
		8FD6D4AB2898F12400773221 /* Puneet Gakhal - OWH x Swift AppleUITests */ = {
			isa = PBXNativeTarget;
			buildConfigurationList = 8FD6D4BC2898F12400773221 /* Build configuration list for PBXNativeTarget "Puneet Gakhal - OWH x Swift AppleUITests" */;
			buildPhases = (
				8FD6D4A82898F12400773221 /* Sources */,
				8FD6D4A92898F12400773221 /* Frameworks */,
				8FD6D4AA2898F12400773221 /* Resources */,
			);
			buildRules = (
			);
			dependencies = (
				8FD6D4AE2898F12400773221 /* PBXTargetDependency */,
			);
			name = "Puneet Gakhal - OWH x Swift AppleUITests";
			productName = "Puneet Gakhal - OWH x Swift AppleUITests";
			productReference = 8FD6D4AC2898F12400773221 /* Puneet Gakhal - OWH x Swift AppleUITests.xctest */;
			productType = "com.apple.product-type.bundle.ui-testing";
		};
/* End PBXNativeTarget section */

/* Begin PBXProject section */
		8FD6D4842898F12300773221 /* Project object */ = {
			isa = PBXProject;
			attributes = {
				BuildIndependentTargetsInParallel = 1;
				LastSwiftUpdateCheck = 1340;
				LastUpgradeCheck = 1340;
				TargetAttributes = {
					8FD6D48B2898F12300773221 = {
						CreatedOnToolsVersion = 13.4.1;
					};
					8FD6D4A12898F12400773221 = {
						CreatedOnToolsVersion = 13.4.1;
						TestTargetID = 8FD6D48B2898F12300773221;
					};
					8FD6D4AB2898F12400773221 = {
						CreatedOnToolsVersion = 13.4.1;
						TestTargetID = 8FD6D48B2898F12300773221;
					};
				};
			};
			buildConfigurationList = 8FD6D4872898F12300773221 /* Build configuration list for PBXProject "Puneet Gakhal - OWH x Swift Apple" */;
			compatibilityVersion = "Xcode 13.0";
			developmentRegion = en;
			hasScannedForEncodings = 0;
			knownRegions = (
				en,
				Base,
			);
			mainGroup = 8FD6D4832898F12300773221;
			productRefGroup = 8FD6D48D2898F12300773221 /* Products */;
			projectDirPath = "";
			projectRoot = "";
			targets = (
				8FD6D48B2898F12300773221 /* Puneet Gakhal - OWH x Swift Apple */,
				8FD6D4A12898F12400773221 /* Puneet Gakhal - OWH x Swift AppleTests */,
				8FD6D4AB2898F12400773221 /* Puneet Gakhal - OWH x Swift AppleUITests */,
			);
		};
/* End PBXProject section */

/* Begin PBXResourcesBuildPhase section */
		8FD6D48A2898F12300773221 /* Resources */ = {
			isa = PBXResourcesBuildPhase;
			buildActionMask = 2147483647;
			files = (
				8FD6D49C2898F12400773221 /* LaunchScreen.storyboard in Resources */,
				8FD6D4992898F12400773221 /* Assets.xcassets in Resources */,
				8FD6D4972898F12300773221 /* Main.storyboard in Resources */,
			);
			runOnlyForDeploymentPostprocessing = 0;
		};
		8FD6D4A02898F12400773221 /* Resources */ = {
			isa = PBXResourcesBuildPhase;
			buildActionMask = 2147483647;
			files = (
			);
			runOnlyForDeploymentPostprocessing = 0;
		};
		8FD6D4AA2898F12400773221 /* Resources */ = {
			isa = PBXResourcesBuildPhase;
			buildActionMask = 2147483647;
			files = (
			);
			runOnlyForDeploymentPostprocessing = 0;
		};
/* End PBXResourcesBuildPhase section */

/* Begin PBXSourcesBuildPhase section */
		8FD6D4882898F12300773221 /* Sources */ = {
			isa = PBXSourcesBuildPhase;
			buildActionMask = 2147483647;
			files = (
				8FD6D4942898F12300773221 /* ViewController.swift in Sources */,
				8FD6D4902898F12300773221 /* AppDelegate.swift in Sources */,
				8FD6D4922898F12300773221 /* SceneDelegate.swift in Sources */,
			);
			runOnlyForDeploymentPostprocessing = 0;
		};
		8FD6D49E2898F12400773221 /* Sources */ = {
			isa = PBXSourcesBuildPhase;
			buildActionMask = 2147483647;
			files = (
				8FD6D4A72898F12400773221 /* Puneet_Gakhal___OWH_x_Swift_AppleTests.swift in Sources */,
			);
			runOnlyForDeploymentPostprocessing = 0;
		};
		8FD6D4A82898F12400773221 /* Sources */ = {
			isa = PBXSourcesBuildPhase;
			buildActionMask = 2147483647;
			files = (
				8FD6D4B32898F12400773221 /* Puneet_Gakhal___OWH_x_Swift_AppleUITestsLaunchTests.swift in Sources */,
				8FD6D4B12898F12400773221 /* Puneet_Gakhal___OWH_x_Swift_AppleUITests.swift in Sources */,
			);
			runOnlyForDeploymentPostprocessing = 0;
		};
/* End PBXSourcesBuildPhase section */

/* Begin PBXTargetDependency section */
		8FD6D4A42898F12400773221 /* PBXTargetDependency */ = {
			isa = PBXTargetDependency;
			target = 8FD6D48B2898F12300773221 /* Puneet Gakhal - OWH x Swift Apple */;
			targetProxy = 8FD6D4A32898F12400773221 /* PBXContainerItemProxy */;
		};
		8FD6D4AE2898F12400773221 /* PBXTargetDependency */ = {
			isa = PBXTargetDependency;
			target = 8FD6D48B2898F12300773221 /* Puneet Gakhal - OWH x Swift Apple */;
			targetProxy = 8FD6D4AD2898F12400773221 /* PBXContainerItemProxy */;
		};
/* End PBXTargetDependency section */

/* Begin PBXVariantGroup section */
		8FD6D4952898F12300773221 /* Main.storyboard */ = {
			isa = PBXVariantGroup;
			children = (
				8FD6D4962898F12300773221 /* Base */,
			);
			name = Main.storyboard;
			sourceTree = "<group>";
		};
		8FD6D49A2898F12400773221 /* LaunchScreen.storyboard */ = {
			isa = PBXVariantGroup;
			children = (
				8FD6D49B2898F12400773221 /* Base */,
			);
			name = LaunchScreen.storyboard;
			sourceTree = "<group>";
		};
/* End PBXVariantGroup section */

/* Begin XCBuildConfiguration section */
		8FD6D4B42898F12400773221 /* Debug */ = {
			isa = XCBuildConfiguration;
			buildSettings = {
				ALWAYS_SEARCH_USER_PATHS = NO;
				CLANG_ANALYZER_NONNULL = YES;
				CLANG_ANALYZER_NUMBER_OBJECT_CONVERSION = YES_AGGRESSIVE;
				CLANG_CXX_LANGUAGE_STANDARD = "gnu++17";
				CLANG_ENABLE_MODULES = YES;
				CLANG_ENABLE_OBJC_ARC = YES;
				CLANG_ENABLE_OBJC_WEAK = YES;
				CLANG_WARN_BLOCK_CAPTURE_AUTORELEASING = YES;
				CLANG_WARN_BOOL_CONVERSION = YES;
				CLANG_WARN_COMMA = YES;
				CLANG_WARN_CONSTANT_CONVERSION = YES;
				CLANG_WARN_DEPRECATED_OBJC_IMPLEMENTATIONS = YES;
				CLANG_WARN_DIRECT_OBJC_ISA_USAGE = YES_ERROR;
				CLANG_WARN_DOCUMENTATION_COMMENTS = YES;
				CLANG_WARN_EMPTY_BODY = YES;
				CLANG_WARN_ENUM_CONVERSION = YES;
				CLANG_WARN_INFINITE_RECURSION = YES;
				CLANG_WARN_INT_CONVERSION = YES;
				CLANG_WARN_NON_LITERAL_NULL_CONVERSION = YES;
				CLANG_WARN_OBJC_IMPLICIT_RETAIN_SELF = YES;
				CLANG_WARN_OBJC_LITERAL_CONVERSION = YES;
				CLANG_WARN_OBJC_ROOT_CLASS = YES_ERROR;
				CLANG_WARN_QUOTED_INCLUDE_IN_FRAMEWORK_HEADER = YES;
				CLANG_WARN_RANGE_LOOP_ANALYSIS = YES;
				CLANG_WARN_STRICT_PROTOTYPES = YES;
				CLANG_WARN_SUSPICIOUS_MOVE = YES;
				CLANG_WARN_UNGUARDED_AVAILABILITY = YES_AGGRESSIVE;
				CLANG_WARN_UNREACHABLE_CODE = YES;
				CLANG_WARN__DUPLICATE_METHOD_MATCH = YES;
				COPY_PHASE_STRIP = NO;
				DEBUG_INFORMATION_FORMAT = dwarf;
				ENABLE_STRICT_OBJC_MSGSEND = YES;
				ENABLE_TESTABILITY = YES;
				GCC_C_LANGUAGE_STANDARD = gnu11;
				GCC_DYNAMIC_NO_PIC = NO;
				GCC_NO_COMMON_BLOCKS = YES;
				GCC_OPTIMIZATION_LEVEL = 0;
				GCC_PREPROCESSOR_DEFINITIONS = (
					"DEBUG=1",
					"$(inherited)",
				);
				GCC_WARN_64_TO_32_BIT_CONVERSION = YES;
				GCC_WARN_ABOUT_RETURN_TYPE = YES_ERROR;
				GCC_WARN_UNDECLARED_SELECTOR = YES;
				GCC_WARN_UNINITIALIZED_AUTOS = YES_AGGRESSIVE;
				GCC_WARN_UNUSED_FUNCTION = YES;
				GCC_WARN_UNUSED_VARIABLE = YES;
				IPHONEOS_DEPLOYMENT_TARGET = 15.5;
				MTL_ENABLE_DEBUG_INFO = INCLUDE_SOURCE;
				MTL_FAST_MATH = YES;
				ONLY_ACTIVE_ARCH = YES;
				SDKROOT = iphoneos;
				SWIFT_ACTIVE_COMPILATION_CONDITIONS = DEBUG;
				SWIFT_OPTIMIZATION_LEVEL = "-Onone";
			};
			name = Debug;
		};
		8FD6D4B52898F12400773221 /* Release */ = {
			isa = XCBuildConfiguration;
			buildSettings = {
				ALWAYS_SEARCH_USER_PATHS = NO;
				CLANG_ANALYZER_NONNULL = YES;
				CLANG_ANALYZER_NUMBER_OBJECT_CONVERSION = YES_AGGRESSIVE;
				CLANG_CXX_LANGUAGE_STANDARD = "gnu++17";
				CLANG_ENABLE_MODULES = YES;
				CLANG_ENABLE_OBJC_ARC = YES;
				CLANG_ENABLE_OBJC_WEAK = YES;
				CLANG_WARN_BLOCK_CAPTURE_AUTORELEASING = YES;
				CLANG_WARN_BOOL_CONVERSION = YES;
				CLANG_WARN_COMMA = YES;
				CLANG_WARN_CONSTANT_CONVERSION = YES;
				CLANG_WARN_DEPRECATED_OBJC_IMPLEMENTATIONS = YES;
				CLANG_WARN_DIRECT_OBJC_ISA_USAGE = YES_ERROR;
				CLANG_WARN_DOCUMENTATION_COMMENTS = YES;
				CLANG_WARN_EMPTY_BODY = YES;
				CLANG_WARN_ENUM_CONVERSION = YES;
				CLANG_WARN_INFINITE_RECURSION = YES;
				CLANG_WARN_INT_CONVERSION = YES;
				CLANG_WARN_NON_LITERAL_NULL_CONVERSION = YES;
				CLANG_WARN_OBJC_IMPLICIT_RETAIN_SELF = YES;
				CLANG_WARN_OBJC_LITERAL_CONVERSION = YES;
				CLANG_WARN_OBJC_ROOT_CLASS = YES_ERROR;
				CLANG_WARN_QUOTED_INCLUDE_IN_FRAMEWORK_HEADER = YES;
				CLANG_WARN_RANGE_LOOP_ANALYSIS = YES;
				CLANG_WARN_STRICT_PROTOTYPES = YES;
				CLANG_WARN_SUSPICIOUS_MOVE = YES;
				CLANG_WARN_UNGUARDED_AVAILABILITY = YES_AGGRESSIVE;
				CLANG_WARN_UNREACHABLE_CODE = YES;
				CLANG_WARN__DUPLICATE_METHOD_MATCH = YES;
				COPY_PHASE_STRIP = NO;
				DEBUG_INFORMATION_FORMAT = "dwarf-with-dsym";
				ENABLE_NS_ASSERTIONS = NO;
				ENABLE_STRICT_OBJC_MSGSEND = YES;
				GCC_C_LANGUAGE_STANDARD = gnu11;
				GCC_NO_COMMON_BLOCKS = YES;
				GCC_WARN_64_TO_32_BIT_CONVERSION = YES;
				GCC_WARN_ABOUT_RETURN_TYPE = YES_ERROR;
				GCC_WARN_UNDECLARED_SELECTOR = YES;
				GCC_WARN_UNINITIALIZED_AUTOS = YES_AGGRESSIVE;
				GCC_WARN_UNUSED_FUNCTION = YES;
				GCC_WARN_UNUSED_VARIABLE = YES;
				IPHONEOS_DEPLOYMENT_TARGET = 15.5;
				MTL_ENABLE_DEBUG_INFO = NO;
				MTL_FAST_MATH = YES;
				SDKROOT = iphoneos;
				SWIFT_COMPILATION_MODE = wholemodule;
				SWIFT_OPTIMIZATION_LEVEL = "-O";
				VALIDATE_PRODUCT = YES;
			};
			name = Release;
		};
		8FD6D4B72898F12400773221 /* Debug */ = {
			isa = XCBuildConfiguration;
			buildSettings = {
				ASSETCATALOG_COMPILER_APPICON_NAME = AppIcon;
				ASSETCATALOG_COMPILER_GLOBAL_ACCENT_COLOR_NAME = AccentColor;
				CODE_SIGN_STYLE = Automatic;
				CURRENT_PROJECT_VERSION = 1;
				GENERATE_INFOPLIST_FILE = YES;
				INFOPLIST_FILE = "Puneet Gakhal - OWH x Swift Apple/Info.plist";
				INFOPLIST_KEY_UIApplicationSupportsIndirectInputEvents = YES;
				INFOPLIST_KEY_UILaunchStoryboardName = LaunchScreen;
				INFOPLIST_KEY_UIMainStoryboardFile = Main;
				INFOPLIST_KEY_UISupportedInterfaceOrientations_iPad = "UIInterfaceOrientationPortrait UIInterfaceOrientationPortraitUpsideDown UIInterfaceOrientationLandscapeLeft UIInterfaceOrientationLandscapeRight";
				INFOPLIST_KEY_UISupportedInterfaceOrientations_iPhone = "UIInterfaceOrientationPortrait UIInterfaceOrientationLandscapeLeft UIInterfaceOrientationLandscapeRight";
				LD_RUNPATH_SEARCH_PATHS = (
					"$(inherited)",
					"@executable_path/Frameworks",
				);
				MARKETING_VERSION = 1.0;
				PRODUCT_BUNDLE_IDENTIFIER = "com.example.Puneet-Gakhal---OWH-x-Swift-Apple";
				PRODUCT_NAME = "$(TARGET_NAME)";
				SWIFT_EMIT_LOC_STRINGS = YES;
				SWIFT_VERSION = 5.0;
				TARGETED_DEVICE_FAMILY = "1,2";
			};
			name = Debug;
		};
		8FD6D4B82898F12400773221 /* Release */ = {
			isa = XCBuildConfiguration;
			buildSettings = {
				ASSETCATALOG_COMPILER_APPICON_NAME = AppIcon;
				ASSETCATALOG_COMPILER_GLOBAL_ACCENT_COLOR_NAME = AccentColor;
				CODE_SIGN_STYLE = Automatic;
				CURRENT_PROJECT_VERSION = 1;
				GENERATE_INFOPLIST_FILE = YES;
				INFOPLIST_FILE = "Puneet Gakhal - OWH x Swift Apple/Info.plist";
				INFOPLIST_KEY_UIApplicationSupportsIndirectInputEvents = YES;
				INFOPLIST_KEY_UILaunchStoryboardName = LaunchScreen;
				INFOPLIST_KEY_UIMainStoryboardFile = Main;
				INFOPLIST_KEY_UISupportedInterfaceOrientations_iPad = "UIInterfaceOrientationPortrait UIInterfaceOrientationPortraitUpsideDown UIInterfaceOrientationLandscapeLeft UIInterfaceOrientationLandscapeRight";
				INFOPLIST_KEY_UISupportedInterfaceOrientations_iPhone = "UIInterfaceOrientationPortrait UIInterfaceOrientationLandscapeLeft UIInterfaceOrientationLandscapeRight";
				LD_RUNPATH_SEARCH_PATHS = (
					"$(inherited)",
					"@executable_path/Frameworks",
				);
				MARKETING_VERSION = 1.0;
				PRODUCT_BUNDLE_IDENTIFIER = "com.example.Puneet-Gakhal---OWH-x-Swift-Apple";
				PRODUCT_NAME = "$(TARGET_NAME)";
				SWIFT_EMIT_LOC_STRINGS = YES;
				SWIFT_VERSION = 5.0;
				TARGETED_DEVICE_FAMILY = "1,2";
			};
			name = Release;
		};
		8FD6D4BA2898F12400773221 /* Debug */ = {
			isa = XCBuildConfiguration;
			buildSettings = {
				ALWAYS_EMBED_SWIFT_STANDARD_LIBRARIES = YES;
				BUNDLE_LOADER = "$(TEST_HOST)";
				CODE_SIGN_STYLE = Automatic;
				CURRENT_PROJECT_VERSION = 1;
				GENERATE_INFOPLIST_FILE = YES;
				IPHONEOS_DEPLOYMENT_TARGET = 15.5;
				MARKETING_VERSION = 1.0;
				PRODUCT_BUNDLE_IDENTIFIER = "com.example.Puneet-Gakhal---OWH-x-Swift-AppleTests";
				PRODUCT_NAME = "$(TARGET_NAME)";
				SWIFT_EMIT_LOC_STRINGS = NO;
				SWIFT_VERSION = 5.0;
				TARGETED_DEVICE_FAMILY = "1,2";
				TEST_HOST = "$(BUILT_PRODUCTS_DIR)/Puneet Gakhal - OWH x Swift Apple.app/Puneet Gakhal - OWH x Swift Apple";
			};
			name = Debug;
		};
		8FD6D4BB2898F12400773221 /* Release */ = {
			isa = XCBuildConfiguration;
			buildSettings = {
				ALWAYS_EMBED_SWIFT_STANDARD_LIBRARIES = YES;
				BUNDLE_LOADER = "$(TEST_HOST)";
				CODE_SIGN_STYLE = Automatic;
				CURRENT_PROJECT_VERSION = 1;
				GENERATE_INFOPLIST_FILE = YES;
				IPHONEOS_DEPLOYMENT_TARGET = 15.5;
				MARKETING_VERSION = 1.0;
				PRODUCT_BUNDLE_IDENTIFIER = "com.example.Puneet-Gakhal---OWH-x-Swift-AppleTests";
				PRODUCT_NAME = "$(TARGET_NAME)";
				SWIFT_EMIT_LOC_STRINGS = NO;
				SWIFT_VERSION = 5.0;
				TARGETED_DEVICE_FAMILY = "1,2";
				TEST_HOST = "$(BUILT_PRODUCTS_DIR)/Puneet Gakhal - OWH x Swift Apple.app/Puneet Gakhal - OWH x Swift Apple";
			};
			name = Release;
		};
		8FD6D4BD2898F12400773221 /* Debug */ = {
			isa = XCBuildConfiguration;
			buildSettings = {
				ALWAYS_EMBED_SWIFT_STANDARD_LIBRARIES = YES;
				CODE_SIGN_STYLE = Automatic;
				CURRENT_PROJECT_VERSION = 1;
				GENERATE_INFOPLIST_FILE = YES;
				MARKETING_VERSION = 1.0;
				PRODUCT_BUNDLE_IDENTIFIER = "com.example.Puneet-Gakhal---OWH-x-Swift-AppleUITests";
				PRODUCT_NAME = "$(TARGET_NAME)";
				SWIFT_EMIT_LOC_STRINGS = NO;
				SWIFT_VERSION = 5.0;
				TARGETED_DEVICE_FAMILY = "1,2";
				TEST_TARGET_NAME = "Puneet Gakhal - OWH x Swift Apple";
			};
			name = Debug;
		};
		8FD6D4BE2898F12400773221 /* Release */ = {
			isa = XCBuildConfiguration;
			buildSettings = {
				ALWAYS_EMBED_SWIFT_STANDARD_LIBRARIES = YES;
				CODE_SIGN_STYLE = Automatic;
				CURRENT_PROJECT_VERSION = 1;
				GENERATE_INFOPLIST_FILE = YES;
				MARKETING_VERSION = 1.0;
				PRODUCT_BUNDLE_IDENTIFIER = "com.example.Puneet-Gakhal---OWH-x-Swift-AppleUITests";
				PRODUCT_NAME = "$(TARGET_NAME)";
				SWIFT_EMIT_LOC_STRINGS = NO;
				SWIFT_VERSION = 5.0;
				TARGETED_DEVICE_FAMILY = "1,2";
				TEST_TARGET_NAME = "Puneet Gakhal - OWH x Swift Apple";
			};
			name = Release;
		};
/* End XCBuildConfiguration section */

/* Begin XCConfigurationList section */
		8FD6D4872898F12300773221 /* Build configuration list for PBXProject "Puneet Gakhal - OWH x Swift Apple" */ = {
			isa = XCConfigurationList;
			buildConfigurations = (
				8FD6D4B42898F12400773221 /* Debug */,
				8FD6D4B52898F12400773221 /* Release */,
			);
			defaultConfigurationIsVisible = 0;
			defaultConfigurationName = Release;
		};
		8FD6D4B62898F12400773221 /* Build configuration list for PBXNativeTarget "Puneet Gakhal - OWH x Swift Apple" */ = {
			isa = XCConfigurationList;
			buildConfigurations = (
				8FD6D4B72898F12400773221 /* Debug */,
				8FD6D4B82898F12400773221 /* Release */,
			);
			defaultConfigurationIsVisible = 0;
			defaultConfigurationName = Release;
		};
		8FD6D4B92898F12400773221 /* Build configuration list for PBXNativeTarget "Puneet Gakhal - OWH x Swift AppleTests" */ = {
			isa = XCConfigurationList;
			buildConfigurations = (
				8FD6D4BA2898F12400773221 /* Debug */,
				8FD6D4BB2898F12400773221 /* Release */,
			);
			defaultConfigurationIsVisible = 0;
			defaultConfigurationName = Release;
		};
		8FD6D4BC2898F12400773221 /* Build configuration list for PBXNativeTarget "Puneet Gakhal - OWH x Swift AppleUITests" */ = {
			isa = XCConfigurationList;
			buildConfigurations = (
				8FD6D4BD2898F12400773221 /* Debug */,
				8FD6D4BE2898F12400773221 /* Release */,
			);
			defaultConfigurationIsVisible = 0;
			defaultConfigurationName = Release;
		};
/* End XCConfigurationList section */
	};
	rootObject = 8FD6D4842898F12300773221 /* Project object */;
}
